
Microsoft Visual Studio Solution File, Format Version 12.00
# Visual Studio 15
VisualStudioVersion = 15.0.27703.2042
MinimumVisualStudioVersion = 10.0.40219.1
Project("{FAE04EC0-301F-11D3-BF4B-00C04F79EFBC}") = "CSharpBasics", "CSharpBasics.csproj", "{8A883A4C-6C73-4CA1-AB09-AA5F7ADE3371}"
EndProject
Global
	GlobalSection(SolutionConfigurationPlatforms) = preSolution
		Debug|Any CPU = Debug|Any CPU
		Release|Any CPU = Release|Any CPU
	EndGlobalSection
	GlobalSection(ProjectConfigurationPlatforms) = postSolution
		{8A883A4C-6C73-4CA1-AB09-AA5F7ADE3371}.Debug|Any CPU.ActiveCfg = Debug|Any CPU
		{8A883A4C-6C73-4CA1-AB09-AA5F7ADE3371}.Debug|Any CPU.Build.0 = Debug|Any CPU
		{8A883A4C-6C73-4CA1-AB09-AA5F7ADE3371}.Release|Any CPU.ActiveCfg = Release|Any CPU
		{8A883A4C-6C73-4CA1-AB09-AA5F7ADE3371}.Release|Any CPU.Build.0 = Release|Any CPU
	EndGlobalSection
	GlobalSection(SolutionProperties) = preSolution
		HideSolutionNode = FALSE
	EndGlobalSection
	GlobalSection(ExtensibilityGlobals) = postSolution
		SolutionGuid = {24CCE655-FF8F-4B96-B8DB-A13B672E5E23}
	EndGlobalSection
EndGlobal
